
Microsoft Visual Studio Solution File, Format Version 12.00
# Visual Studio 15
VisualStudioVersion = 15.0.27703.2042
MinimumVisualStudioVersion = 10.0.40219.1
Project("{2150E333-8FDC-42A3-9474-1A3956D46DE8}") = "src", "src", "{FE722627-00D8-4F2B-86E9-76EE9313A10C}"
EndProject
Project("{2150E333-8FDC-42A3-9474-1A3956D46DE8}") = "services", "services", "{DC07A32F-67C4-407D-85A9-CD707B8FB27C}"
EndProject
Project("{9A19103F-16F7-4668-BE54-9A1E7A4F7556}") = "EventCatalogAPI", "EventCatalogAPI\EventCatalogAPI.csproj", "{59081524-12B3-48B5-B62F-F660D760475B}"
EndProject
Project("{2150E333-8FDC-42A3-9474-1A3956D46DE8}") = "web", "web", "{BC2237BD-D066-4BD7-ABB9-DD2B6770CB51}"
EndProject
Project("{9A19103F-16F7-4668-BE54-9A1E7A4F7556}") = "WebMvc", "WebMvc\WebMvc.csproj", "{CE1EDAE9-8B4B-44CF-870E-17ED3088B8DE}"
EndProject
Project("{9A19103F-16F7-4668-BE54-9A1E7A4F7556}") = "EventTicketAPI", "EventTicketAPI\EventTicketAPI.csproj", "{3A1341CB-E6D8-4545-ADED-8934C78F8EAA}"
EndProject
Project("{9A19103F-16F7-4668-BE54-9A1E7A4F7556}") = "WishListAPI", "WishListAPI\WishListAPI.csproj", "{F8474882-FB79-47CB-93C8-AA1C3486503C}"
EndProject
Project("{E53339B2-1760-4266-BCC7-CA923CBCF16C}") = "docker-compose", "docker-compose.dcproj", "{C9BEFCD9-206F-4C6C-A24C-7136EE43B51C}"
EndProject
Project("{9A19103F-16F7-4668-BE54-9A1E7A4F7556}") = "TokenServiceAPI", "TokenServiceAPI\TokenServiceAPI.csproj", "{0DE31AD7-9DCA-4B8D-90AF-780761456F8B}"
EndProject
Global
	GlobalSection(SolutionConfigurationPlatforms) = preSolution
		Debug|Any CPU = Debug|Any CPU
		Release|Any CPU = Release|Any CPU
	EndGlobalSection
	GlobalSection(ProjectConfigurationPlatforms) = postSolution
		{59081524-12B3-48B5-B62F-F660D760475B}.Debug|Any CPU.ActiveCfg = Debug|Any CPU
		{59081524-12B3-48B5-B62F-F660D760475B}.Debug|Any CPU.Build.0 = Debug|Any CPU
		{59081524-12B3-48B5-B62F-F660D760475B}.Release|Any CPU.ActiveCfg = Release|Any CPU
		{59081524-12B3-48B5-B62F-F660D760475B}.Release|Any CPU.Build.0 = Release|Any CPU
		{CE1EDAE9-8B4B-44CF-870E-17ED3088B8DE}.Debug|Any CPU.ActiveCfg = Debug|Any CPU
		{CE1EDAE9-8B4B-44CF-870E-17ED3088B8DE}.Debug|Any CPU.Build.0 = Debug|Any CPU
		{CE1EDAE9-8B4B-44CF-870E-17ED3088B8DE}.Release|Any CPU.ActiveCfg = Release|Any CPU
		{CE1EDAE9-8B4B-44CF-870E-17ED3088B8DE}.Release|Any CPU.Build.0 = Release|Any CPU
		{3A1341CB-E6D8-4545-ADED-8934C78F8EAA}.Debug|Any CPU.ActiveCfg = Debug|Any CPU
		{3A1341CB-E6D8-4545-ADED-8934C78F8EAA}.Debug|Any CPU.Build.0 = Debug|Any CPU
		{3A1341CB-E6D8-4545-ADED-8934C78F8EAA}.Release|Any CPU.ActiveCfg = Release|Any CPU
		{3A1341CB-E6D8-4545-ADED-8934C78F8EAA}.Release|Any CPU.Build.0 = Release|Any CPU
		{F8474882-FB79-47CB-93C8-AA1C3486503C}.Debug|Any CPU.ActiveCfg = Debug|Any CPU
		{F8474882-FB79-47CB-93C8-AA1C3486503C}.Debug|Any CPU.Build.0 = Debug|Any CPU
		{F8474882-FB79-47CB-93C8-AA1C3486503C}.Release|Any CPU.ActiveCfg = Release|Any CPU
		{F8474882-FB79-47CB-93C8-AA1C3486503C}.Release|Any CPU.Build.0 = Release|Any CPU
		{C9BEFCD9-206F-4C6C-A24C-7136EE43B51C}.Debug|Any CPU.ActiveCfg = Debug|Any CPU
		{C9BEFCD9-206F-4C6C-A24C-7136EE43B51C}.Debug|Any CPU.Build.0 = Debug|Any CPU
		{C9BEFCD9-206F-4C6C-A24C-7136EE43B51C}.Release|Any CPU.ActiveCfg = Release|Any CPU
		{C9BEFCD9-206F-4C6C-A24C-7136EE43B51C}.Release|Any CPU.Build.0 = Release|Any CPU
		{0DE31AD7-9DCA-4B8D-90AF-780761456F8B}.Debug|Any CPU.ActiveCfg = Debug|Any CPU
		{0DE31AD7-9DCA-4B8D-90AF-780761456F8B}.Debug|Any CPU.Build.0 = Debug|Any CPU
		{0DE31AD7-9DCA-4B8D-90AF-780761456F8B}.Release|Any CPU.ActiveCfg = Release|Any CPU
		{0DE31AD7-9DCA-4B8D-90AF-780761456F8B}.Release|Any CPU.Build.0 = Release|Any CPU
	EndGlobalSection
	GlobalSection(SolutionProperties) = preSolution
		HideSolutionNode = FALSE
	EndGlobalSection
	GlobalSection(NestedProjects) = preSolution
		{DC07A32F-67C4-407D-85A9-CD707B8FB27C} = {FE722627-00D8-4F2B-86E9-76EE9313A10C}
		{59081524-12B3-48B5-B62F-F660D760475B} = {DC07A32F-67C4-407D-85A9-CD707B8FB27C}
		{BC2237BD-D066-4BD7-ABB9-DD2B6770CB51} = {FE722627-00D8-4F2B-86E9-76EE9313A10C}
		{CE1EDAE9-8B4B-44CF-870E-17ED3088B8DE} = {BC2237BD-D066-4BD7-ABB9-DD2B6770CB51}
		{3A1341CB-E6D8-4545-ADED-8934C78F8EAA} = {DC07A32F-67C4-407D-85A9-CD707B8FB27C}
		{F8474882-FB79-47CB-93C8-AA1C3486503C} = {DC07A32F-67C4-407D-85A9-CD707B8FB27C}
		{0DE31AD7-9DCA-4B8D-90AF-780761456F8B} = {DC07A32F-67C4-407D-85A9-CD707B8FB27C}
	EndGlobalSection
	GlobalSection(ExtensibilityGlobals) = postSolution
		SolutionGuid = {055CAE8E-2DCC-45E7-8B7B-CCFE9F1E21F7}
	EndGlobalSection
EndGlobal
